
Microsoft Visual Studio Solution File, Format Version 12.00
# Visual Studio Version 16
VisualStudioVersion = 16.0.31624.102
MinimumVisualStudioVersion = 10.0.40219.1
Project("{FAE04EC0-301F-11D3-BF4B-00C04F79EFBC}") = "纵横断面计算", "纵横断面计算\纵横断面计算.csproj", "{EA6543E3-6918-44C4-AE51-3D37D3F21BD7}"
EndProject
Project("{FAE04EC0-301F-11D3-BF4B-00C04F79EFBC}") = "MyLib", "MyLib\MyLib.csproj", "{36291287-DFA1-483C-91D9-C5150939069F}"
EndProject
Global
	GlobalSection(SolutionConfigurationPlatforms) = preSolution
		Debug|Any CPU = Debug|Any CPU
		Release|Any CPU = Release|Any CPU
	EndGlobalSection
	GlobalSection(ProjectConfigurationPlatforms) = postSolution
		{EA6543E3-6918-44C4-AE51-3D37D3F21BD7}.Debug|Any CPU.ActiveCfg = Debug|Any CPU
		{EA6543E3-6918-44C4-AE51-3D37D3F21BD7}.Debug|Any CPU.Build.0 = Debug|Any CPU
		{EA6543E3-6918-44C4-AE51-3D37D3F21BD7}.Release|Any CPU.ActiveCfg = Release|Any CPU
		{EA6543E3-6918-44C4-AE51-3D37D3F21BD7}.Release|Any CPU.Build.0 = Release|Any CPU
		{36291287-DFA1-483C-91D9-C5150939069F}.Debug|Any CPU.ActiveCfg = Debug|Any CPU
		{36291287-DFA1-483C-91D9-C5150939069F}.Debug|Any CPU.Build.0 = Debug|Any CPU
		{36291287-DFA1-483C-91D9-C5150939069F}.Release|Any CPU.ActiveCfg = Release|Any CPU
		{36291287-DFA1-483C-91D9-C5150939069F}.Release|Any CPU.Build.0 = Release|Any CPU
	EndGlobalSection
	GlobalSection(SolutionProperties) = preSolution
		HideSolutionNode = FALSE
	EndGlobalSection
	GlobalSection(ExtensibilityGlobals) = postSolution
		SolutionGuid = {16DC838B-35CA-4CD8-A6ED-E0A64962198E}
	EndGlobalSection
EndGlobal
