
Microsoft Visual Studio Solution File, Format Version 12.00
# Visual Studio Version 16
VisualStudioVersion = 16.0.31624.102
MinimumVisualStudioVersion = 10.0.40219.1
Project("{FAE04EC0-301F-11D3-BF4B-00C04F79EFBC}") = "大地线计算", "大地线计算\大地线计算.csproj", "{77374ADA-B703-4498-9FCB-75E370A267A4}"
EndProject
Project("{FAE04EC0-301F-11D3-BF4B-00C04F79EFBC}") = "MyLib", "MyLib\MyLib.csproj", "{82A411E3-1816-4087-8CE2-D5CD19C911EE}"
EndProject
Global
	GlobalSection(SolutionConfigurationPlatforms) = preSolution
		Debug|Any CPU = Debug|Any CPU
		Release|Any CPU = Release|Any CPU
	EndGlobalSection
	GlobalSection(ProjectConfigurationPlatforms) = postSolution
		{77374ADA-B703-4498-9FCB-75E370A267A4}.Debug|Any CPU.ActiveCfg = Debug|Any CPU
		{77374ADA-B703-4498-9FCB-75E370A267A4}.Debug|Any CPU.Build.0 = Debug|Any CPU
		{77374ADA-B703-4498-9FCB-75E370A267A4}.Release|Any CPU.ActiveCfg = Release|Any CPU
		{77374ADA-B703-4498-9FCB-75E370A267A4}.Release|Any CPU.Build.0 = Release|Any CPU
		{82A411E3-1816-4087-8CE2-D5CD19C911EE}.Debug|Any CPU.ActiveCfg = Debug|Any CPU
		{82A411E3-1816-4087-8CE2-D5CD19C911EE}.Debug|Any CPU.Build.0 = Debug|Any CPU
		{82A411E3-1816-4087-8CE2-D5CD19C911EE}.Release|Any CPU.ActiveCfg = Release|Any CPU
		{82A411E3-1816-4087-8CE2-D5CD19C911EE}.Release|Any CPU.Build.0 = Release|Any CPU
	EndGlobalSection
	GlobalSection(SolutionProperties) = preSolution
		HideSolutionNode = FALSE
	EndGlobalSection
	GlobalSection(ExtensibilityGlobals) = postSolution
		SolutionGuid = {FD8402C4-8B23-492F-934A-10F43295B66C}
	EndGlobalSection
EndGlobal
